
Microsoft Visual Studio Solution File, Format Version 12.00
# Visual Studio Version 16
VisualStudioVersion = 16.0.29006.145
MinimumVisualStudioVersion = 10.0.40219.1
Project("{FAE04EC0-301F-11D3-BF4B-00C04F79EFBC}") = "protectedAccessModifier", "protectedAccessModifier.csproj", "{C2884D22-8E44-4D50-A2B5-147B39D64DE6}"
EndProject
Global
	GlobalSection(SolutionConfigurationPlatforms) = preSolution
		Debug|Any CPU = Debug|Any CPU
		Release|Any CPU = Release|Any CPU
	EndGlobalSection
	GlobalSection(ProjectConfigurationPlatforms) = postSolution
		{C2884D22-8E44-4D50-A2B5-147B39D64DE6}.Debug|Any CPU.ActiveCfg = Debug|Any CPU
		{C2884D22-8E44-4D50-A2B5-147B39D64DE6}.Debug|Any CPU.Build.0 = Debug|Any CPU
		{C2884D22-8E44-4D50-A2B5-147B39D64DE6}.Release|Any CPU.ActiveCfg = Release|Any CPU
		{C2884D22-8E44-4D50-A2B5-147B39D64DE6}.Release|Any CPU.Build.0 = Release|Any CPU
	EndGlobalSection
	GlobalSection(SolutionProperties) = preSolution
		HideSolutionNode = FALSE
	EndGlobalSection
	GlobalSection(ExtensibilityGlobals) = postSolution
		SolutionGuid = {EEF7BD15-5016-4825-BEB1-0DB79B126120}
	EndGlobalSection
EndGlobal
